
Microsoft Visual Studio Solution File, Format Version 12.00
# Visual Studio Version 17
VisualStudioVersion = 17.10.35122.118
MinimumVisualStudioVersion = 10.0.40219.1
Project("{9A19103F-16F7-4668-BE54-9A1E7A4F7556}") = "deneme", "WebApplication22\deneme.csproj", "{013D28CB-4069-47EC-94F9-F36929CC5A15}"
EndProject
Global
	GlobalSection(SolutionConfigurationPlatforms) = preSolution
		Debug|Any CPU = Debug|Any CPU
		Release|Any CPU = Release|Any CPU
	EndGlobalSection
	GlobalSection(ProjectConfigurationPlatforms) = postSolution
		{013D28CB-4069-47EC-94F9-F36929CC5A15}.Debug|Any CPU.ActiveCfg = Debug|Any CPU
		{013D28CB-4069-47EC-94F9-F36929CC5A15}.Debug|Any CPU.Build.0 = Debug|Any CPU
		{013D28CB-4069-47EC-94F9-F36929CC5A15}.Release|Any CPU.ActiveCfg = Release|Any CPU
		{013D28CB-4069-47EC-94F9-F36929CC5A15}.Release|Any CPU.Build.0 = Release|Any CPU
	EndGlobalSection
	GlobalSection(SolutionProperties) = preSolution
		HideSolutionNode = FALSE
	EndGlobalSection
	GlobalSection(ExtensibilityGlobals) = postSolution
		SolutionGuid = {A9FADAE7-BFBB-4AF6-9223-CE1BF63194D1}
	EndGlobalSection
EndGlobal
